
Microsoft Visual Studio Solution File, Format Version 12.00
# Visual Studio Version 16
VisualStudioVersion = 16.0.29326.143
MinimumVisualStudioVersion = 10.0.40219.1
Project("{2150E333-8FDC-42A3-9474-1A3956D46DE8}") = "src", "src", "{B7A6F3B1-5A1F-481F-AF8D-E27BF73D5A49}"
EndProject
Project("{2150E333-8FDC-42A3-9474-1A3956D46DE8}") = "Solution Items", "Solution Items", "{506B9CDF-EED7-4D70-9B61-F07DDDB55D2C}"
	ProjectSection(SolutionItems) = preProject
		.editorconfig = .editorconfig
		.gitignore = .gitignore
		LICENSE = LICENSE
		NuGet.Config = NuGet.Config
		README.md = README.md
	EndProjectSection
EndProject
Project("{9A19103F-16F7-4668-BE54-9A1E7A4F7556}") = "Yisoft.Framework", "src\Yisoft.Framework\Yisoft.Framework.csproj", "{1A3BA719-CD2F-4C96-A3CA-F46C5AB5D84B}"
EndProject
Project("{2150E333-8FDC-42A3-9474-1A3956D46DE8}") = "test", "test", "{D3F46BBC-5065-472A-9A67-2A9C3995B4C7}"
EndProject
Project("{9A19103F-16F7-4668-BE54-9A1E7A4F7556}") = "Yisoft.Framework.XUnitTest", "test\Yisoft.Framework.XUnitTest\Yisoft.Framework.XUnitTest.csproj", "{9304CEEF-A9F4-4E44-88BC-5B42DD125461}"
EndProject
Global
	GlobalSection(SolutionConfigurationPlatforms) = preSolution
		Debug|Any CPU = Debug|Any CPU
		Release|Any CPU = Release|Any CPU
	EndGlobalSection
	GlobalSection(ProjectConfigurationPlatforms) = postSolution
		{1A3BA719-CD2F-4C96-A3CA-F46C5AB5D84B}.Debug|Any CPU.ActiveCfg = Debug|Any CPU
		{1A3BA719-CD2F-4C96-A3CA-F46C5AB5D84B}.Debug|Any CPU.Build.0 = Debug|Any CPU
		{1A3BA719-CD2F-4C96-A3CA-F46C5AB5D84B}.Release|Any CPU.ActiveCfg = Release|Any CPU
		{1A3BA719-CD2F-4C96-A3CA-F46C5AB5D84B}.Release|Any CPU.Build.0 = Release|Any CPU
		{9304CEEF-A9F4-4E44-88BC-5B42DD125461}.Debug|Any CPU.ActiveCfg = Debug|Any CPU
		{9304CEEF-A9F4-4E44-88BC-5B42DD125461}.Debug|Any CPU.Build.0 = Debug|Any CPU
		{9304CEEF-A9F4-4E44-88BC-5B42DD125461}.Release|Any CPU.ActiveCfg = Release|Any CPU
		{9304CEEF-A9F4-4E44-88BC-5B42DD125461}.Release|Any CPU.Build.0 = Release|Any CPU
	EndGlobalSection
	GlobalSection(SolutionProperties) = preSolution
		HideSolutionNode = FALSE
	EndGlobalSection
	GlobalSection(NestedProjects) = preSolution
		{1A3BA719-CD2F-4C96-A3CA-F46C5AB5D84B} = {B7A6F3B1-5A1F-481F-AF8D-E27BF73D5A49}
		{9304CEEF-A9F4-4E44-88BC-5B42DD125461} = {D3F46BBC-5065-472A-9A67-2A9C3995B4C7}
	EndGlobalSection
	GlobalSection(ExtensibilityGlobals) = postSolution
		SolutionGuid = {656A2C61-7B41-4710-BA1C-832CF3999D00}
	EndGlobalSection
EndGlobal
